
Microsoft Visual Studio Solution File, Format Version 12.00
# Visual Studio Version 17
VisualStudioVersion = 17.0.31710.8
MinimumVisualStudioVersion = 10.0.40219.1
Project("{FAE04EC0-301F-11D3-BF4B-00C04F79EFBC}") = "MVVM", "MVVM\MVVM.csproj", "{DAD09210-3D74-4954-BE4C-13CCDA615417}"
EndProject
Global
	GlobalSection(SolutionConfigurationPlatforms) = preSolution
		Debug|Any CPU = Debug|Any CPU
		Release|Any CPU = Release|Any CPU
	EndGlobalSection
	GlobalSection(ProjectConfigurationPlatforms) = postSolution
		{DAD09210-3D74-4954-BE4C-13CCDA615417}.Debug|Any CPU.ActiveCfg = Debug|Any CPU
		{DAD09210-3D74-4954-BE4C-13CCDA615417}.Debug|Any CPU.Build.0 = Debug|Any CPU
		{DAD09210-3D74-4954-BE4C-13CCDA615417}.Release|Any CPU.ActiveCfg = Release|Any CPU
		{DAD09210-3D74-4954-BE4C-13CCDA615417}.Release|Any CPU.Build.0 = Release|Any CPU
	EndGlobalSection
	GlobalSection(SolutionProperties) = preSolution
		HideSolutionNode = FALSE
	EndGlobalSection
	GlobalSection(ExtensibilityGlobals) = postSolution
		SolutionGuid = {6F5FD09E-89DB-4021-AC9D-2F3D56F47847}
	EndGlobalSection
EndGlobal
